
Microsoft Visual Studio Solution File, Format Version 12.00
# Visual Studio Version 17
VisualStudioVersion = 17.1.32414.318
MinimumVisualStudioVersion = 10.0.40219.1
Project("{9A19103F-16F7-4668-BE54-9A1E7A4F7556}") = "dot_net_lab2", "dot_net_lab2\dot_net_lab2.csproj", "{182FB415-64EE-4C15-B559-DDAFBF5DF7AB}"
EndProject
Project("{FAE04EC0-301F-11D3-BF4B-00C04F79EFBC}") = "PeselTests", "PeselTests\PeselTests.csproj", "{B5365863-B09E-42E8-91CF-BB018D23BABD}"
EndProject
Global
	GlobalSection(SolutionConfigurationPlatforms) = preSolution
		Debug|Any CPU = Debug|Any CPU
		Release|Any CPU = Release|Any CPU
	EndGlobalSection
	GlobalSection(ProjectConfigurationPlatforms) = postSolution
		{182FB415-64EE-4C15-B559-DDAFBF5DF7AB}.Debug|Any CPU.ActiveCfg = Debug|Any CPU
		{182FB415-64EE-4C15-B559-DDAFBF5DF7AB}.Debug|Any CPU.Build.0 = Debug|Any CPU
		{182FB415-64EE-4C15-B559-DDAFBF5DF7AB}.Release|Any CPU.ActiveCfg = Release|Any CPU
		{182FB415-64EE-4C15-B559-DDAFBF5DF7AB}.Release|Any CPU.Build.0 = Release|Any CPU
		{B5365863-B09E-42E8-91CF-BB018D23BABD}.Debug|Any CPU.ActiveCfg = Debug|Any CPU
		{B5365863-B09E-42E8-91CF-BB018D23BABD}.Debug|Any CPU.Build.0 = Debug|Any CPU
		{B5365863-B09E-42E8-91CF-BB018D23BABD}.Release|Any CPU.ActiveCfg = Release|Any CPU
		{B5365863-B09E-42E8-91CF-BB018D23BABD}.Release|Any CPU.Build.0 = Release|Any CPU
	EndGlobalSection
	GlobalSection(SolutionProperties) = preSolution
		HideSolutionNode = FALSE
	EndGlobalSection
	GlobalSection(ExtensibilityGlobals) = postSolution
		SolutionGuid = {F3C902C0-6950-4AE6-BFFC-C819676E7B98}
	EndGlobalSection
EndGlobal
